
Microsoft Visual Studio Solution File, Format Version 12.00
# Visual Studio Version 17
VisualStudioVersion = 17.11.35312.102
MinimumVisualStudioVersion = 10.0.40219.1
Project("{FAE04EC0-301F-11D3-BF4B-00C04F79EFBC}") = "Week3IfAndSwitch", "Week3IfAndSwitch\Week3IfAndSwitch.csproj", "{46EDF252-B098-49FC-8EBE-D27F7CF9D820}"
EndProject
Project("{FAE04EC0-301F-11D3-BF4B-00C04F79EFBC}") = "OddOrEven", "OddOrEven\OddOrEven.csproj", "{C7C69F8C-D455-44A2-A814-7F646A733860}"
EndProject
Project("{FAE04EC0-301F-11D3-BF4B-00C04F79EFBC}") = "IfDayOfTheWeek", "IfDayOfTheWeek\IfDayOfTheWeek.csproj", "{E2D6B09F-C823-480E-8DD5-84631384AD98}"
EndProject
Project("{FAE04EC0-301F-11D3-BF4B-00C04F79EFBC}") = "SwitchDayOfTheWeek", "SwitchDayOfTheWeek\SwitchDayOfTheWeek.csproj", "{AD857B0D-A2C7-4D17-8B5C-6D9C182CEC27}"
EndProject
Global
	GlobalSection(SolutionConfigurationPlatforms) = preSolution
		Debug|Any CPU = Debug|Any CPU
		Release|Any CPU = Release|Any CPU
	EndGlobalSection
	GlobalSection(ProjectConfigurationPlatforms) = postSolution
		{46EDF252-B098-49FC-8EBE-D27F7CF9D820}.Debug|Any CPU.ActiveCfg = Debug|Any CPU
		{46EDF252-B098-49FC-8EBE-D27F7CF9D820}.Debug|Any CPU.Build.0 = Debug|Any CPU
		{46EDF252-B098-49FC-8EBE-D27F7CF9D820}.Release|Any CPU.ActiveCfg = Release|Any CPU
		{46EDF252-B098-49FC-8EBE-D27F7CF9D820}.Release|Any CPU.Build.0 = Release|Any CPU
		{C7C69F8C-D455-44A2-A814-7F646A733860}.Debug|Any CPU.ActiveCfg = Debug|Any CPU
		{C7C69F8C-D455-44A2-A814-7F646A733860}.Debug|Any CPU.Build.0 = Debug|Any CPU
		{C7C69F8C-D455-44A2-A814-7F646A733860}.Release|Any CPU.ActiveCfg = Release|Any CPU
		{C7C69F8C-D455-44A2-A814-7F646A733860}.Release|Any CPU.Build.0 = Release|Any CPU
		{E2D6B09F-C823-480E-8DD5-84631384AD98}.Debug|Any CPU.ActiveCfg = Debug|Any CPU
		{E2D6B09F-C823-480E-8DD5-84631384AD98}.Debug|Any CPU.Build.0 = Debug|Any CPU
		{E2D6B09F-C823-480E-8DD5-84631384AD98}.Release|Any CPU.ActiveCfg = Release|Any CPU
		{E2D6B09F-C823-480E-8DD5-84631384AD98}.Release|Any CPU.Build.0 = Release|Any CPU
		{AD857B0D-A2C7-4D17-8B5C-6D9C182CEC27}.Debug|Any CPU.ActiveCfg = Debug|Any CPU
		{AD857B0D-A2C7-4D17-8B5C-6D9C182CEC27}.Debug|Any CPU.Build.0 = Debug|Any CPU
		{AD857B0D-A2C7-4D17-8B5C-6D9C182CEC27}.Release|Any CPU.ActiveCfg = Release|Any CPU
		{AD857B0D-A2C7-4D17-8B5C-6D9C182CEC27}.Release|Any CPU.Build.0 = Release|Any CPU
	EndGlobalSection
	GlobalSection(SolutionProperties) = preSolution
		HideSolutionNode = FALSE
	EndGlobalSection
	GlobalSection(ExtensibilityGlobals) = postSolution
		SolutionGuid = {7C601584-7B04-4786-99B3-EA8487D46343}
	EndGlobalSection
EndGlobal
